
Microsoft Visual Studio Solution File, Format Version 12.00
# Visual Studio 15
VisualStudioVersion = 15.0.28307.1000
MinimumVisualStudioVersion = 10.0.40219.1
Project("{FAE04EC0-301F-11D3-BF4B-00C04F79EFBC}") = "WPFApp", "WPFApp.csproj", "{FDE51A6A-B7E8-4558-A49C-E7FC31CC6751}"
EndProject
Global
	GlobalSection(SolutionConfigurationPlatforms) = preSolution
		Debug|Any CPU = Debug|Any CPU
		Release|Any CPU = Release|Any CPU
	EndGlobalSection
	GlobalSection(ProjectConfigurationPlatforms) = postSolution
		{FDE51A6A-B7E8-4558-A49C-E7FC31CC6751}.Debug|Any CPU.ActiveCfg = Debug|Any CPU
		{FDE51A6A-B7E8-4558-A49C-E7FC31CC6751}.Debug|Any CPU.Build.0 = Debug|Any CPU
		{FDE51A6A-B7E8-4558-A49C-E7FC31CC6751}.Release|Any CPU.ActiveCfg = Release|Any CPU
		{FDE51A6A-B7E8-4558-A49C-E7FC31CC6751}.Release|Any CPU.Build.0 = Release|Any CPU
	EndGlobalSection
	GlobalSection(SolutionProperties) = preSolution
		HideSolutionNode = FALSE
	EndGlobalSection
	GlobalSection(ExtensibilityGlobals) = postSolution
		SolutionGuid = {065C72F0-DE89-4AD6-969C-509AA2D81FBE}
	EndGlobalSection
EndGlobal
